{
    "name": "flask-fs",
    "version": "0.0.2",
    "lockfileVersion": 1,
    "requires": true,
    "dependencies": {
        "uikit": {
            "version": "3.5.4",
            "resolved": "https://registry.npmjs.org/uikit/-/uikit-3.5.4.tgz",
            "integrity": "sha512-5alqUOBUVrkbc/7NH/G3LB6iCHDaknA2ZFDa8FKh/s+ieexDGK6FLQQjxAvRTIO6EdL+/irBxe85+BKI1B8okw=="
        }
    }
}
