{
    "name": "elo-football-ratings",
    "version": "0.1.9",
    "lockfileVersion": 1,
    "requires": true,
    "dependencies": {
        "uikit": {
            "version": "3.5.5",
            "resolved": "https://registry.npmjs.org/uikit/-/uikit-3.5.5.tgz",
            "integrity": "sha512-10Wm7wzL7Ukuc9fHMukL/uEEulUj8qg4zVqR4eYTC+86ytJTP9x6/2T5QhV8oUc5S1lS6Ft1oURGZRINY7q7gg=="
        }
    }
}
